
Microsoft Visual Studio Solution File, Format Version 12.00
# Visual Studio 15
VisualStudioVersion = 15.0.27428.2015
MinimumVisualStudioVersion = 10.0.40219.1
Project("{9A19103F-16F7-4668-BE54-9A1E7A4F7556}") = "DupKiller", "DupKiller\DupKiller.csproj", "{74EB5342-3560-4048-A8D9-EE95DB5D44BD}"
EndProject
Project("{9A19103F-16F7-4668-BE54-9A1E7A4F7556}") = "Tests", "Tests\Tests.csproj", "{4A557354-553D-4743-9A8D-D817257DA693}"
EndProject
Global
	GlobalSection(SolutionConfigurationPlatforms) = preSolution
		Debug|Any CPU = Debug|Any CPU
		Release|Any CPU = Release|Any CPU
	EndGlobalSection
	GlobalSection(ProjectConfigurationPlatforms) = postSolution
		{74EB5342-3560-4048-A8D9-EE95DB5D44BD}.Debug|Any CPU.ActiveCfg = Debug|Any CPU
		{74EB5342-3560-4048-A8D9-EE95DB5D44BD}.Debug|Any CPU.Build.0 = Debug|Any CPU
		{74EB5342-3560-4048-A8D9-EE95DB5D44BD}.Release|Any CPU.ActiveCfg = Release|Any CPU
		{74EB5342-3560-4048-A8D9-EE95DB5D44BD}.Release|Any CPU.Build.0 = Release|Any CPU
		{4A557354-553D-4743-9A8D-D817257DA693}.Debug|Any CPU.ActiveCfg = Debug|Any CPU
		{4A557354-553D-4743-9A8D-D817257DA693}.Debug|Any CPU.Build.0 = Debug|Any CPU
		{4A557354-553D-4743-9A8D-D817257DA693}.Release|Any CPU.ActiveCfg = Release|Any CPU
		{4A557354-553D-4743-9A8D-D817257DA693}.Release|Any CPU.Build.0 = Release|Any CPU
	EndGlobalSection
	GlobalSection(SolutionProperties) = preSolution
		HideSolutionNode = FALSE
	EndGlobalSection
	GlobalSection(ExtensibilityGlobals) = postSolution
		SolutionGuid = {857C64A8-C7E5-4182-8AE5-CDADC5E4115E}
	EndGlobalSection
EndGlobal
